
Microsoft Visual Studio Solution File, Format Version 12.00
# Visual Studio Version 16
VisualStudioVersion = 16.0.30611.23
MinimumVisualStudioVersion = 10.0.40219.1
Project("{FAE04EC0-301F-11D3-BF4B-00C04F79EFBC}") = "Assembly-CSharp", "Assembly-CSharp.csproj", "{D8357F17-731B-0664-6080-876E57A51FEB}"
EndProject
Project("{FAE04EC0-301F-11D3-BF4B-00C04F79EFBC}") = "Assembly-CSharp-Editor", "Assembly-CSharp-Editor.csproj", "{6EDBA353-FFBD-3D94-7137-D6D725753550}"
EndProject
Global
	GlobalSection(SolutionConfigurationPlatforms) = preSolution
		Debug|Any CPU = Debug|Any CPU
		Release|Any CPU = Release|Any CPU
	EndGlobalSection
	GlobalSection(ProjectConfigurationPlatforms) = postSolution
		{D8357F17-731B-0664-6080-876E57A51FEB}.Debug|Any CPU.ActiveCfg = Debug|Any CPU
		{D8357F17-731B-0664-6080-876E57A51FEB}.Debug|Any CPU.Build.0 = Debug|Any CPU
		{D8357F17-731B-0664-6080-876E57A51FEB}.Release|Any CPU.ActiveCfg = Release|Any CPU
		{D8357F17-731B-0664-6080-876E57A51FEB}.Release|Any CPU.Build.0 = Release|Any CPU
		{6EDBA353-FFBD-3D94-7137-D6D725753550}.Debug|Any CPU.ActiveCfg = Debug|Any CPU
		{6EDBA353-FFBD-3D94-7137-D6D725753550}.Debug|Any CPU.Build.0 = Debug|Any CPU
		{6EDBA353-FFBD-3D94-7137-D6D725753550}.Release|Any CPU.ActiveCfg = Release|Any CPU
		{6EDBA353-FFBD-3D94-7137-D6D725753550}.Release|Any CPU.Build.0 = Release|Any CPU
	EndGlobalSection
	GlobalSection(SolutionProperties) = preSolution
		HideSolutionNode = FALSE
	EndGlobalSection
	GlobalSection(ExtensibilityGlobals) = postSolution
		SolutionGuid = {DF25C37F-175F-4883-A92E-04DE5B315A02}
	EndGlobalSection
EndGlobal
